
Microsoft Visual Studio Solution File, Format Version 12.00
# Visual Studio 15
Project("{FAE04EC0-301F-11D3-BF4B-00C04F79EFBC}") = "Scaffold.Navigation", "Scaffold.Navigation.csproj", "{B4B2376D-7B86-D2FB-C0DE-BF742D2B9200}"
EndProject
Project("{FAE04EC0-301F-11D3-BF4B-00C04F79EFBC}") = "Scaffold.MVVM.View", "Scaffold.MVVM.View.csproj", "{717B64D4-E895-187B-AF4E-30D0506C6BE0}"
EndProject
Project("{FAE04EC0-301F-11D3-BF4B-00C04F79EFBC}") = "Madbox.Gold.Authoring", "Madbox.Gold.Authoring.csproj", "{48F501A7-3020-9EDE-5EE3-45C0DD822B51}"
EndProject
Project("{FAE04EC0-301F-11D3-BF4B-00C04F79EFBC}") = "Madbox.Enemies", "Madbox.Enemies.csproj", "{D844FC79-8570-19E7-A958-EB6C9A0618B4}"
EndProject
Project("{FAE04EC0-301F-11D3-BF4B-00C04F79EFBC}") = "Madbox.Gold.Tests", "Madbox.Gold.Tests.csproj", "{210684EA-73A9-BEF0-57E1-AFB352BA1DDA}"
EndProject
Project("{FAE04EC0-301F-11D3-BF4B-00C04F79EFBC}") = "Madbox.MainMenu.Runtime", "Madbox.MainMenu.Runtime.csproj", "{A6AB0CBA-5C37-21A6-DA93-067D8E41378B}"
EndProject
Project("{FAE04EC0-301F-11D3-BF4B-00C04F79EFBC}") = "Madbox.Bootstrap.Runtime", "Madbox.Bootstrap.Runtime.csproj", "{F41D7C57-BD12-3AE9-6C3B-E635B5C1C2DB}"
EndProject
Project("{FAE04EC0-301F-11D3-BF4B-00C04F79EFBC}") = "Madbox.GameView", "Madbox.GameView.csproj", "{489E7E0B-3DDF-A5E7-8AFE-44EC5CA80E50}"
EndProject
Project("{FAE04EC0-301F-11D3-BF4B-00C04F79EFBC}") = "Madbox.Ugs", "Madbox.Ugs.csproj", "{25F941C5-F685-E3C4-A3DE-14ED2B9F65FE}"
EndProject
Project("{FAE04EC0-301F-11D3-BF4B-00C04F79EFBC}") = "Scaffold.Types", "Scaffold.Types.csproj", "{5FBA2F37-633D-87D4-5DAD-6AD695FCC9AD}"
EndProject
Project("{FAE04EC0-301F-11D3-BF4B-00C04F79EFBC}") = "Madbox.Addressables", "Madbox.Addressables.csproj", "{1BBB6BA4-C1AD-DDA6-6E94-18B1B035991D}"
EndProject
Project("{FAE04EC0-301F-11D3-BF4B-00C04F79EFBC}") = "Scaffold.MVVM.ViewModel", "Scaffold.MVVM.ViewModel.csproj", "{1198F416-69B1-56AE-0D98-8489053C7EAF}"
EndProject
Project("{FAE04EC0-301F-11D3-BF4B-00C04F79EFBC}") = "Madbox.Ads.Container", "Madbox.Ads.Container.csproj", "{285026BE-69EF-3B7E-7EFD-8F3E7E6975DC}"
EndProject
Project("{FAE04EC0-301F-11D3-BF4B-00C04F79EFBC}") = "Madbox.SceneFlow.Tests", "Madbox.SceneFlow.Tests.csproj", "{E0448247-D74A-41F3-06E7-B283FBE25953}"
EndProject
Project("{FAE04EC0-301F-11D3-BF4B-00C04F79EFBC}") = "Assembly-CSharp-firstpass", "Assembly-CSharp-firstpass.csproj", "{48DD7ACE-6707-2D49-2081-1CC39158104A}"
EndProject
Project("{FAE04EC0-301F-11D3-BF4B-00C04F79EFBC}") = "Madbox.Levels", "Madbox.Levels.csproj", "{36897934-3B2E-85E9-FB8B-98AE5436D84B}"
EndProject
Project("{FAE04EC0-301F-11D3-BF4B-00C04F79EFBC}") = "Madbox.MainMenu.Tests", "Madbox.MainMenu.Tests.csproj", "{E86ED942-180F-FBA6-0BFD-BF79C60E5154}"
EndProject
Project("{FAE04EC0-301F-11D3-BF4B-00C04F79EFBC}") = "Scaffold.Events", "Scaffold.Events.csproj", "{F3A7251E-5D7D-0388-FFBA-C8A7B052021A}"
EndProject
Project("{FAE04EC0-301F-11D3-BF4B-00C04F79EFBC}") = "Madbox.GameView.Tests", "Madbox.GameView.Tests.csproj", "{531F5845-73BA-4FAA-5165-14EA79206947}"
EndProject
Project("{FAE04EC0-301F-11D3-BF4B-00C04F79EFBC}") = "Madbox.Gold", "Madbox.Gold.csproj", "{C9A15306-573C-64AA-2F3A-3830A14A1766}"
EndProject
Project("{FAE04EC0-301F-11D3-BF4B-00C04F79EFBC}") = "Madbox.Ugs.Container", "Madbox.Ugs.Container.csproj", "{B0B05309-F2DD-EE5B-95C8-CC2D6FFBE74A}"
EndProject
Project("{FAE04EC0-301F-11D3-BF4B-00C04F79EFBC}") = "Madbox.LiveOps", "Madbox.LiveOps.csproj", "{29153231-1B13-DFE4-B545-58D8861BD055}"
EndProject
Project("{FAE04EC0-301F-11D3-BF4B-00C04F79EFBC}") = "Madbox.Battle", "Madbox.Battle.csproj", "{11E7EA0E-6CAF-1CBD-5D68-0C1266DE6844}"
EndProject
Project("{FAE04EC0-301F-11D3-BF4B-00C04F79EFBC}") = "Scaffold.Maps.Tests", "Scaffold.Maps.Tests.csproj", "{B289B2B5-C49F-0268-4F69-75632CD240E5}"
EndProject
Project("{FAE04EC0-301F-11D3-BF4B-00C04F79EFBC}") = "Madbox.LiveOps.Tests", "Madbox.LiveOps.Tests.csproj", "{338AE163-4B51-8C02-7B02-B635F3806595}"
EndProject
Project("{FAE04EC0-301F-11D3-BF4B-00C04F79EFBC}") = "Madbox.CloudCode", "Madbox.CloudCode.csproj", "{E676A69B-216E-2BDD-3673-3BFBCDC1CE25}"
EndProject
Project("{FAE04EC0-301F-11D3-BF4B-00C04F79EFBC}") = "Scaffold.MVVM.Base", "Scaffold.MVVM.Base.csproj", "{7ADBB968-59DC-BAF4-3CF1-5757426416EA}"
EndProject
Project("{FAE04EC0-301F-11D3-BF4B-00C04F79EFBC}") = "Scaffold.Navigation.Samples", "Scaffold.Navigation.Samples.csproj", "{ECF779EE-5B84-3382-B73A-6BEFE97060D0}"
EndProject
Project("{FAE04EC0-301F-11D3-BF4B-00C04F79EFBC}") = "Scaffold.MVVM.Model", "Scaffold.MVVM.Model.csproj", "{3F5ECDEA-5CF5-236B-0AAC-67EFF469986B}"
EndProject
Project("{FAE04EC0-301F-11D3-BF4B-00C04F79EFBC}") = "Madbox.SceneFlow", "Madbox.SceneFlow.csproj", "{571DAACE-4261-C740-EB51-3BC6CBD38978}"
EndProject
Project("{FAE04EC0-301F-11D3-BF4B-00C04F79EFBC}") = "Assembly-CSharp", "Assembly-CSharp.csproj", "{36EDC1F4-1396-7BFD-9047-B1ADCDBDFCDE}"
EndProject
Project("{FAE04EC0-301F-11D3-BF4B-00C04F79EFBC}") = "Madbox.Scope", "Madbox.Scope.csproj", "{B9A49F2F-B93C-56ED-73ED-0BE05161F198}"
EndProject
Project("{FAE04EC0-301F-11D3-BF4B-00C04F79EFBC}") = "Madbox.Levels.Tests", "Madbox.Levels.Tests.csproj", "{FBFE5725-A4D1-0531-9EE2-6540C93866A1}"
EndProject
Project("{FAE04EC0-301F-11D3-BF4B-00C04F79EFBC}") = "Madbox.Bootstrap.PlayModeTests", "Madbox.Bootstrap.PlayModeTests.csproj", "{42AF516C-1AD5-8EA8-847B-DA386C0458E5}"
EndProject
Project("{FAE04EC0-301F-11D3-BF4B-00C04F79EFBC}") = "Madbox.Gold.Container", "Madbox.Gold.Container.csproj", "{A78585E0-6F72-0283-6A52-69A756777507}"
EndProject
Project("{FAE04EC0-301F-11D3-BF4B-00C04F79EFBC}") = "Madbox.Tutorial", "Madbox.Tutorial.csproj", "{AFB07D3B-32AF-9EF1-5DE4-BF06E2CB6B4E}"
EndProject
Project("{FAE04EC0-301F-11D3-BF4B-00C04F79EFBC}") = "Scaffold.Maps", "Scaffold.Maps.csproj", "{C4EB5DEB-3507-CFC1-65AE-01B5AE5F8449}"
EndProject
Project("{FAE04EC0-301F-11D3-BF4B-00C04F79EFBC}") = "Scaffold.Navigation.Container", "Scaffold.Navigation.Container.csproj", "{E667EFF6-DCF6-4348-E71B-93BFCF3094EA}"
EndProject
Project("{FAE04EC0-301F-11D3-BF4B-00C04F79EFBC}") = "Madbox.Tutorial.Container", "Madbox.Tutorial.Container.csproj", "{78AD2A90-9F29-A4A7-5040-488D0ADB9D24}"
EndProject
Project("{FAE04EC0-301F-11D3-BF4B-00C04F79EFBC}") = "Madbox.Bootstrap.Tests", "Madbox.Bootstrap.Tests.csproj", "{F32B0194-A5F2-22B5-9AFF-C54C450F0704}"
EndProject
Project("{FAE04EC0-301F-11D3-BF4B-00C04F79EFBC}") = "Scaffold.MVVM.Samples", "Scaffold.MVVM.Samples.csproj", "{373F59DA-4338-FD9B-4F10-BA3CBD168317}"
EndProject
Project("{FAE04EC0-301F-11D3-BF4B-00C04F79EFBC}") = "Scaffold.Records.Samples", "Scaffold.Records.Samples.csproj", "{8D6DE8B9-7A9D-8E9D-624D-5425E7E64AF6}"
EndProject
Project("{FAE04EC0-301F-11D3-BF4B-00C04F79EFBC}") = "Scaffold.MVVM.View.Tests", "Scaffold.MVVM.View.Tests.csproj", "{69D1EEF1-F0AD-16C3-12BA-550FCCA858B2}"
EndProject
Project("{FAE04EC0-301F-11D3-BF4B-00C04F79EFBC}") = "Madbox.Addressables.Tests", "Madbox.Addressables.Tests.csproj", "{7458D0A8-D8C5-8B32-FD38-471B9E917477}"
EndProject
Project("{FAE04EC0-301F-11D3-BF4B-00C04F79EFBC}") = "Scaffold.Events.Tests", "Scaffold.Events.Tests.csproj", "{1D214D77-3E18-29AE-A379-7C0B949DD615}"
EndProject
Project("{FAE04EC0-301F-11D3-BF4B-00C04F79EFBC}") = "Scaffold.Types.Tests", "Scaffold.Types.Tests.csproj", "{82BEF5D1-B485-B424-3165-10B7688C1F30}"
EndProject
Project("{FAE04EC0-301F-11D3-BF4B-00C04F79EFBC}") = "Scaffold.Types.Samples", "Scaffold.Types.Samples.csproj", "{830443FA-5E53-D325-A3AD-170923320A1C}"
EndProject
Project("{FAE04EC0-301F-11D3-BF4B-00C04F79EFBC}") = "Madbox.Enemies.Tests", "Madbox.Enemies.Tests.csproj", "{B67852A4-AD06-AAEC-B1AE-9B0084168ACE}"
EndProject
Project("{FAE04EC0-301F-11D3-BF4B-00C04F79EFBC}") = "Scaffold.Maps.Samples", "Scaffold.Maps.Samples.csproj", "{9E26042B-1CB0-0D07-5D1F-B260070249F8}"
EndProject
Project("{FAE04EC0-301F-11D3-BF4B-00C04F79EFBC}") = "Scaffold.Records", "Scaffold.Records.csproj", "{2EC72623-634A-2570-641F-F77AD4FE90CC}"
EndProject
Project("{FAE04EC0-301F-11D3-BF4B-00C04F79EFBC}") = "Madbox.Battle.Tests", "Madbox.Battle.Tests.csproj", "{E64BE443-D09E-8045-A1E5-046FC2CA9254}"
EndProject
Project("{FAE04EC0-301F-11D3-BF4B-00C04F79EFBC}") = "Madbox.Addressables.PlayModeTests", "Madbox.Addressables.PlayModeTests.csproj", "{0DC0BB3C-D00F-CAE4-8C3E-B879A5E9B0BC}"
EndProject
Project("{FAE04EC0-301F-11D3-BF4B-00C04F79EFBC}") = "Scaffold.Types.Editor", "Scaffold.Types.Editor.csproj", "{3B9D790C-60C7-53E4-D040-01CF96F71384}"
EndProject
Project("{FAE04EC0-301F-11D3-BF4B-00C04F79EFBC}") = "Madbox.LiveOps.Container", "Madbox.LiveOps.Container.csproj", "{A97E103D-0697-150E-D244-DDF63FBB1E6D}"
EndProject
Project("{FAE04EC0-301F-11D3-BF4B-00C04F79EFBC}") = "Scaffold.Navigation.Tests", "Scaffold.Navigation.Tests.csproj", "{3505AF56-9341-6E34-E22A-A67083F576F9}"
EndProject
Project("{FAE04EC0-301F-11D3-BF4B-00C04F79EFBC}") = "Madbox.CloudCode.Container", "Madbox.CloudCode.Container.csproj", "{4732017C-DBB9-552C-00BF-D08AB3641FA5}"
EndProject
Project("{FAE04EC0-301F-11D3-BF4B-00C04F79EFBC}") = "Scaffold.MVVM.ViewModel.Tests", "Scaffold.MVVM.ViewModel.Tests.csproj", "{AFC7131E-AFD4-7D87-DBD4-8CBF8267B83D}"
EndProject
Project("{FAE04EC0-301F-11D3-BF4B-00C04F79EFBC}") = "Madbox.CloudCode.Tests", "Madbox.CloudCode.Tests.csproj", "{1EFC39EF-167B-F3B6-7C06-58B92F2B89FD}"
EndProject
Project("{FAE04EC0-301F-11D3-BF4B-00C04F79EFBC}") = "Madbox.Ugs.Tests", "Madbox.Ugs.Tests.csproj", "{645B0B69-D1C5-11F3-8B52-DA129B0973B5}"
EndProject
Project("{FAE04EC0-301F-11D3-BF4B-00C04F79EFBC}") = "Scaffold.MVVM.Model.Tests", "Scaffold.MVVM.Model.Tests.csproj", "{922C3242-F457-D686-3356-34803027A972}"
EndProject
Project("{FAE04EC0-301F-11D3-BF4B-00C04F79EFBC}") = "Scaffold.Records.Tests", "Scaffold.Records.Tests.csproj", "{94E1157E-F47A-8C19-4D9C-004F1F020BDA}"
EndProject
Project("{FAE04EC0-301F-11D3-BF4B-00C04F79EFBC}") = "Madbox.Scope.Tests", "Madbox.Scope.Tests.csproj", "{989997E2-A07D-1B4B-1A50-BF7405A52101}"
EndProject
Project("{FAE04EC0-301F-11D3-BF4B-00C04F79EFBC}") = "Madbox.Ads.Tests", "Madbox.Ads.Tests.csproj", "{9BA2636D-1092-99B5-2FB5-DB89A3BC0A74}"
EndProject
Project("{FAE04EC0-301F-11D3-BF4B-00C04F79EFBC}") = "Madbox.Tutorial.Tests", "Madbox.Tutorial.Tests.csproj", "{C65D5FDA-45A6-AAD8-3057-1B7915BDC051}"
EndProject
Project("{FAE04EC0-301F-11D3-BF4B-00C04F79EFBC}") = "Madbox.Ads", "Madbox.Ads.csproj", "{437256A2-D75A-ACE8-4427-F79EA1386941}"
EndProject
Project("{FAE04EC0-301F-11D3-BF4B-00C04F79EFBC}") = "Madbox.Level.Container", "Madbox.Level.Container.csproj", "{7C1CF096-E0B6-648F-EE06-295470CB64AB}"
EndProject
Project("{FAE04EC0-301F-11D3-BF4B-00C04F79EFBC}") = "Scaffold.Events.Container", "Scaffold.Events.Container.csproj", "{54A9B04E-9C65-C6E6-28EB-E42D9DFC904A}"
EndProject
Project("{FAE04EC0-301F-11D3-BF4B-00C04F79EFBC}") = "Scaffold.Events.Samples", "Scaffold.Events.Samples.csproj", "{37A79031-F1F4-959C-5D7B-B18DCF34FE66}"
EndProject
Project("{FAE04EC0-301F-11D3-BF4B-00C04F79EFBC}") = "Madbox.Addressables.Container", "Madbox.Addressables.Container.csproj", "{AC513721-CD36-B454-1FA1-AF0279A00A5B}"
EndProject
Project("{2150E333-8FDC-42A3-9474-1A3956D46DE8}") = "Analyzers", "Analyzers", "{F883AD26-E2D9-0064-49F2-B333EF800629}"
EndProject
Project("{2150E333-8FDC-42A3-9474-1A3956D46DE8}") = "Scaffold", "Scaffold", "{DC6FC1FB-B5CA-70BE-99E9-DBA99442478F}"
EndProject
Project("{FAE04EC0-301F-11D3-BF4B-00C04F79EFBC}") = "Scaffold.Analyzers", "Analyzers\Scaffold\Scaffold.Analyzers\Scaffold.Analyzers.csproj", "{A04D438C-D184-4807-9C1B-07D0E792B7A6}"
EndProject
Project("{FAE04EC0-301F-11D3-BF4B-00C04F79EFBC}") = "Scaffold.Analyzers.Tests", "Analyzers\Scaffold\Scaffold.Analyzers.Tests\Scaffold.Analyzers.Tests.csproj", "{4CB95DFB-0890-48F0-8189-443737E81DB9}"
EndProject
Global
	GlobalSection(SolutionConfigurationPlatforms) = preSolution
		Debug|Any CPU = Debug|Any CPU
		Release|Any CPU = Release|Any CPU
	EndGlobalSection
	GlobalSection(ProjectConfigurationPlatforms) = postSolution
		{B4B2376D-7B86-D2FB-C0DE-BF742D2B9200}.Debug|Any CPU.ActiveCfg = Debug|Any CPU
		{B4B2376D-7B86-D2FB-C0DE-BF742D2B9200}.Debug|Any CPU.Build.0 = Debug|Any CPU
		{B4B2376D-7B86-D2FB-C0DE-BF742D2B9200}.Release|Any CPU.ActiveCfg = Release|Any CPU
		{B4B2376D-7B86-D2FB-C0DE-BF742D2B9200}.Release|Any CPU.Build.0 = Release|Any CPU
		{717B64D4-E895-187B-AF4E-30D0506C6BE0}.Debug|Any CPU.ActiveCfg = Debug|Any CPU
		{717B64D4-E895-187B-AF4E-30D0506C6BE0}.Debug|Any CPU.Build.0 = Debug|Any CPU
		{717B64D4-E895-187B-AF4E-30D0506C6BE0}.Release|Any CPU.ActiveCfg = Release|Any CPU
		{717B64D4-E895-187B-AF4E-30D0506C6BE0}.Release|Any CPU.Build.0 = Release|Any CPU
		{48F501A7-3020-9EDE-5EE3-45C0DD822B51}.Debug|Any CPU.ActiveCfg = Debug|Any CPU
		{48F501A7-3020-9EDE-5EE3-45C0DD822B51}.Debug|Any CPU.Build.0 = Debug|Any CPU
		{48F501A7-3020-9EDE-5EE3-45C0DD822B51}.Release|Any CPU.ActiveCfg = Release|Any CPU
		{48F501A7-3020-9EDE-5EE3-45C0DD822B51}.Release|Any CPU.Build.0 = Release|Any CPU
		{D844FC79-8570-19E7-A958-EB6C9A0618B4}.Debug|Any CPU.ActiveCfg = Debug|Any CPU
		{D844FC79-8570-19E7-A958-EB6C9A0618B4}.Debug|Any CPU.Build.0 = Debug|Any CPU
		{D844FC79-8570-19E7-A958-EB6C9A0618B4}.Release|Any CPU.ActiveCfg = Release|Any CPU
		{D844FC79-8570-19E7-A958-EB6C9A0618B4}.Release|Any CPU.Build.0 = Release|Any CPU
		{210684EA-73A9-BEF0-57E1-AFB352BA1DDA}.Debug|Any CPU.ActiveCfg = Debug|Any CPU
		{210684EA-73A9-BEF0-57E1-AFB352BA1DDA}.Debug|Any CPU.Build.0 = Debug|Any CPU
		{210684EA-73A9-BEF0-57E1-AFB352BA1DDA}.Release|Any CPU.ActiveCfg = Release|Any CPU
		{210684EA-73A9-BEF0-57E1-AFB352BA1DDA}.Release|Any CPU.Build.0 = Release|Any CPU
		{A6AB0CBA-5C37-21A6-DA93-067D8E41378B}.Debug|Any CPU.ActiveCfg = Debug|Any CPU
		{A6AB0CBA-5C37-21A6-DA93-067D8E41378B}.Debug|Any CPU.Build.0 = Debug|Any CPU
		{A6AB0CBA-5C37-21A6-DA93-067D8E41378B}.Release|Any CPU.ActiveCfg = Release|Any CPU
		{A6AB0CBA-5C37-21A6-DA93-067D8E41378B}.Release|Any CPU.Build.0 = Release|Any CPU
		{F41D7C57-BD12-3AE9-6C3B-E635B5C1C2DB}.Debug|Any CPU.ActiveCfg = Debug|Any CPU
		{F41D7C57-BD12-3AE9-6C3B-E635B5C1C2DB}.Debug|Any CPU.Build.0 = Debug|Any CPU
		{F41D7C57-BD12-3AE9-6C3B-E635B5C1C2DB}.Release|Any CPU.ActiveCfg = Release|Any CPU
		{F41D7C57-BD12-3AE9-6C3B-E635B5C1C2DB}.Release|Any CPU.Build.0 = Release|Any CPU
		{489E7E0B-3DDF-A5E7-8AFE-44EC5CA80E50}.Debug|Any CPU.ActiveCfg = Debug|Any CPU
		{489E7E0B-3DDF-A5E7-8AFE-44EC5CA80E50}.Debug|Any CPU.Build.0 = Debug|Any CPU
		{489E7E0B-3DDF-A5E7-8AFE-44EC5CA80E50}.Release|Any CPU.ActiveCfg = Release|Any CPU
		{489E7E0B-3DDF-A5E7-8AFE-44EC5CA80E50}.Release|Any CPU.Build.0 = Release|Any CPU
		{25F941C5-F685-E3C4-A3DE-14ED2B9F65FE}.Debug|Any CPU.ActiveCfg = Debug|Any CPU
		{25F941C5-F685-E3C4-A3DE-14ED2B9F65FE}.Debug|Any CPU.Build.0 = Debug|Any CPU
		{25F941C5-F685-E3C4-A3DE-14ED2B9F65FE}.Release|Any CPU.ActiveCfg = Release|Any CPU
		{25F941C5-F685-E3C4-A3DE-14ED2B9F65FE}.Release|Any CPU.Build.0 = Release|Any CPU
		{5FBA2F37-633D-87D4-5DAD-6AD695FCC9AD}.Debug|Any CPU.ActiveCfg = Debug|Any CPU
		{5FBA2F37-633D-87D4-5DAD-6AD695FCC9AD}.Debug|Any CPU.Build.0 = Debug|Any CPU
		{5FBA2F37-633D-87D4-5DAD-6AD695FCC9AD}.Release|Any CPU.ActiveCfg = Release|Any CPU
		{5FBA2F37-633D-87D4-5DAD-6AD695FCC9AD}.Release|Any CPU.Build.0 = Release|Any CPU
		{1BBB6BA4-C1AD-DDA6-6E94-18B1B035991D}.Debug|Any CPU.ActiveCfg = Debug|Any CPU
		{1BBB6BA4-C1AD-DDA6-6E94-18B1B035991D}.Debug|Any CPU.Build.0 = Debug|Any CPU
		{1BBB6BA4-C1AD-DDA6-6E94-18B1B035991D}.Release|Any CPU.ActiveCfg = Release|Any CPU
		{1BBB6BA4-C1AD-DDA6-6E94-18B1B035991D}.Release|Any CPU.Build.0 = Release|Any CPU
		{1198F416-69B1-56AE-0D98-8489053C7EAF}.Debug|Any CPU.ActiveCfg = Debug|Any CPU
		{1198F416-69B1-56AE-0D98-8489053C7EAF}.Debug|Any CPU.Build.0 = Debug|Any CPU
		{1198F416-69B1-56AE-0D98-8489053C7EAF}.Release|Any CPU.ActiveCfg = Release|Any CPU
		{1198F416-69B1-56AE-0D98-8489053C7EAF}.Release|Any CPU.Build.0 = Release|Any CPU
		{285026BE-69EF-3B7E-7EFD-8F3E7E6975DC}.Debug|Any CPU.ActiveCfg = Debug|Any CPU
		{285026BE-69EF-3B7E-7EFD-8F3E7E6975DC}.Debug|Any CPU.Build.0 = Debug|Any CPU
		{285026BE-69EF-3B7E-7EFD-8F3E7E6975DC}.Release|Any CPU.ActiveCfg = Release|Any CPU
		{285026BE-69EF-3B7E-7EFD-8F3E7E6975DC}.Release|Any CPU.Build.0 = Release|Any CPU
		{E0448247-D74A-41F3-06E7-B283FBE25953}.Debug|Any CPU.ActiveCfg = Debug|Any CPU
		{E0448247-D74A-41F3-06E7-B283FBE25953}.Debug|Any CPU.Build.0 = Debug|Any CPU
		{E0448247-D74A-41F3-06E7-B283FBE25953}.Release|Any CPU.ActiveCfg = Release|Any CPU
		{E0448247-D74A-41F3-06E7-B283FBE25953}.Release|Any CPU.Build.0 = Release|Any CPU
		{48DD7ACE-6707-2D49-2081-1CC39158104A}.Debug|Any CPU.ActiveCfg = Debug|Any CPU
		{48DD7ACE-6707-2D49-2081-1CC39158104A}.Debug|Any CPU.Build.0 = Debug|Any CPU
		{48DD7ACE-6707-2D49-2081-1CC39158104A}.Release|Any CPU.ActiveCfg = Release|Any CPU
		{48DD7ACE-6707-2D49-2081-1CC39158104A}.Release|Any CPU.Build.0 = Release|Any CPU
		{36897934-3B2E-85E9-FB8B-98AE5436D84B}.Debug|Any CPU.ActiveCfg = Debug|Any CPU
		{36897934-3B2E-85E9-FB8B-98AE5436D84B}.Debug|Any CPU.Build.0 = Debug|Any CPU
		{36897934-3B2E-85E9-FB8B-98AE5436D84B}.Release|Any CPU.ActiveCfg = Release|Any CPU
		{36897934-3B2E-85E9-FB8B-98AE5436D84B}.Release|Any CPU.Build.0 = Release|Any CPU
		{E86ED942-180F-FBA6-0BFD-BF79C60E5154}.Debug|Any CPU.ActiveCfg = Debug|Any CPU
		{E86ED942-180F-FBA6-0BFD-BF79C60E5154}.Debug|Any CPU.Build.0 = Debug|Any CPU
		{E86ED942-180F-FBA6-0BFD-BF79C60E5154}.Release|Any CPU.ActiveCfg = Release|Any CPU
		{E86ED942-180F-FBA6-0BFD-BF79C60E5154}.Release|Any CPU.Build.0 = Release|Any CPU
		{F3A7251E-5D7D-0388-FFBA-C8A7B052021A}.Debug|Any CPU.ActiveCfg = Debug|Any CPU
		{F3A7251E-5D7D-0388-FFBA-C8A7B052021A}.Debug|Any CPU.Build.0 = Debug|Any CPU
		{F3A7251E-5D7D-0388-FFBA-C8A7B052021A}.Release|Any CPU.ActiveCfg = Release|Any CPU
		{F3A7251E-5D7D-0388-FFBA-C8A7B052021A}.Release|Any CPU.Build.0 = Release|Any CPU
		{531F5845-73BA-4FAA-5165-14EA79206947}.Debug|Any CPU.ActiveCfg = Debug|Any CPU
		{531F5845-73BA-4FAA-5165-14EA79206947}.Debug|Any CPU.Build.0 = Debug|Any CPU
		{531F5845-73BA-4FAA-5165-14EA79206947}.Release|Any CPU.ActiveCfg = Release|Any CPU
		{531F5845-73BA-4FAA-5165-14EA79206947}.Release|Any CPU.Build.0 = Release|Any CPU
		{C9A15306-573C-64AA-2F3A-3830A14A1766}.Debug|Any CPU.ActiveCfg = Debug|Any CPU
		{C9A15306-573C-64AA-2F3A-3830A14A1766}.Debug|Any CPU.Build.0 = Debug|Any CPU
		{C9A15306-573C-64AA-2F3A-3830A14A1766}.Release|Any CPU.ActiveCfg = Release|Any CPU
		{C9A15306-573C-64AA-2F3A-3830A14A1766}.Release|Any CPU.Build.0 = Release|Any CPU
		{B0B05309-F2DD-EE5B-95C8-CC2D6FFBE74A}.Debug|Any CPU.ActiveCfg = Debug|Any CPU
		{B0B05309-F2DD-EE5B-95C8-CC2D6FFBE74A}.Debug|Any CPU.Build.0 = Debug|Any CPU
		{B0B05309-F2DD-EE5B-95C8-CC2D6FFBE74A}.Release|Any CPU.ActiveCfg = Release|Any CPU
		{B0B05309-F2DD-EE5B-95C8-CC2D6FFBE74A}.Release|Any CPU.Build.0 = Release|Any CPU
		{29153231-1B13-DFE4-B545-58D8861BD055}.Debug|Any CPU.ActiveCfg = Debug|Any CPU
		{29153231-1B13-DFE4-B545-58D8861BD055}.Debug|Any CPU.Build.0 = Debug|Any CPU
		{29153231-1B13-DFE4-B545-58D8861BD055}.Release|Any CPU.ActiveCfg = Release|Any CPU
		{29153231-1B13-DFE4-B545-58D8861BD055}.Release|Any CPU.Build.0 = Release|Any CPU
		{11E7EA0E-6CAF-1CBD-5D68-0C1266DE6844}.Debug|Any CPU.ActiveCfg = Debug|Any CPU
		{11E7EA0E-6CAF-1CBD-5D68-0C1266DE6844}.Debug|Any CPU.Build.0 = Debug|Any CPU
		{11E7EA0E-6CAF-1CBD-5D68-0C1266DE6844}.Release|Any CPU.ActiveCfg = Release|Any CPU
		{11E7EA0E-6CAF-1CBD-5D68-0C1266DE6844}.Release|Any CPU.Build.0 = Release|Any CPU
		{B289B2B5-C49F-0268-4F69-75632CD240E5}.Debug|Any CPU.ActiveCfg = Debug|Any CPU
		{B289B2B5-C49F-0268-4F69-75632CD240E5}.Debug|Any CPU.Build.0 = Debug|Any CPU
		{B289B2B5-C49F-0268-4F69-75632CD240E5}.Release|Any CPU.ActiveCfg = Release|Any CPU
		{B289B2B5-C49F-0268-4F69-75632CD240E5}.Release|Any CPU.Build.0 = Release|Any CPU
		{338AE163-4B51-8C02-7B02-B635F3806595}.Debug|Any CPU.ActiveCfg = Debug|Any CPU
		{338AE163-4B51-8C02-7B02-B635F3806595}.Debug|Any CPU.Build.0 = Debug|Any CPU
		{338AE163-4B51-8C02-7B02-B635F3806595}.Release|Any CPU.ActiveCfg = Release|Any CPU
		{338AE163-4B51-8C02-7B02-B635F3806595}.Release|Any CPU.Build.0 = Release|Any CPU
		{E676A69B-216E-2BDD-3673-3BFBCDC1CE25}.Debug|Any CPU.ActiveCfg = Debug|Any CPU
		{E676A69B-216E-2BDD-3673-3BFBCDC1CE25}.Debug|Any CPU.Build.0 = Debug|Any CPU
		{E676A69B-216E-2BDD-3673-3BFBCDC1CE25}.Release|Any CPU.ActiveCfg = Release|Any CPU
		{E676A69B-216E-2BDD-3673-3BFBCDC1CE25}.Release|Any CPU.Build.0 = Release|Any CPU
		{7ADBB968-59DC-BAF4-3CF1-5757426416EA}.Debug|Any CPU.ActiveCfg = Debug|Any CPU
		{7ADBB968-59DC-BAF4-3CF1-5757426416EA}.Debug|Any CPU.Build.0 = Debug|Any CPU
		{7ADBB968-59DC-BAF4-3CF1-5757426416EA}.Release|Any CPU.ActiveCfg = Release|Any CPU
		{7ADBB968-59DC-BAF4-3CF1-5757426416EA}.Release|Any CPU.Build.0 = Release|Any CPU
		{ECF779EE-5B84-3382-B73A-6BEFE97060D0}.Debug|Any CPU.ActiveCfg = Debug|Any CPU
		{ECF779EE-5B84-3382-B73A-6BEFE97060D0}.Debug|Any CPU.Build.0 = Debug|Any CPU
		{ECF779EE-5B84-3382-B73A-6BEFE97060D0}.Release|Any CPU.ActiveCfg = Release|Any CPU
		{ECF779EE-5B84-3382-B73A-6BEFE97060D0}.Release|Any CPU.Build.0 = Release|Any CPU
		{3F5ECDEA-5CF5-236B-0AAC-67EFF469986B}.Debug|Any CPU.ActiveCfg = Debug|Any CPU
		{3F5ECDEA-5CF5-236B-0AAC-67EFF469986B}.Debug|Any CPU.Build.0 = Debug|Any CPU
		{3F5ECDEA-5CF5-236B-0AAC-67EFF469986B}.Release|Any CPU.ActiveCfg = Release|Any CPU
		{3F5ECDEA-5CF5-236B-0AAC-67EFF469986B}.Release|Any CPU.Build.0 = Release|Any CPU
		{571DAACE-4261-C740-EB51-3BC6CBD38978}.Debug|Any CPU.ActiveCfg = Debug|Any CPU
		{571DAACE-4261-C740-EB51-3BC6CBD38978}.Debug|Any CPU.Build.0 = Debug|Any CPU
		{571DAACE-4261-C740-EB51-3BC6CBD38978}.Release|Any CPU.ActiveCfg = Release|Any CPU
		{571DAACE-4261-C740-EB51-3BC6CBD38978}.Release|Any CPU.Build.0 = Release|Any CPU
		{36EDC1F4-1396-7BFD-9047-B1ADCDBDFCDE}.Debug|Any CPU.ActiveCfg = Debug|Any CPU
		{36EDC1F4-1396-7BFD-9047-B1ADCDBDFCDE}.Debug|Any CPU.Build.0 = Debug|Any CPU
		{36EDC1F4-1396-7BFD-9047-B1ADCDBDFCDE}.Release|Any CPU.ActiveCfg = Release|Any CPU
		{36EDC1F4-1396-7BFD-9047-B1ADCDBDFCDE}.Release|Any CPU.Build.0 = Release|Any CPU
		{B9A49F2F-B93C-56ED-73ED-0BE05161F198}.Debug|Any CPU.ActiveCfg = Debug|Any CPU
		{B9A49F2F-B93C-56ED-73ED-0BE05161F198}.Debug|Any CPU.Build.0 = Debug|Any CPU
		{B9A49F2F-B93C-56ED-73ED-0BE05161F198}.Release|Any CPU.ActiveCfg = Release|Any CPU
		{B9A49F2F-B93C-56ED-73ED-0BE05161F198}.Release|Any CPU.Build.0 = Release|Any CPU
		{FBFE5725-A4D1-0531-9EE2-6540C93866A1}.Debug|Any CPU.ActiveCfg = Debug|Any CPU
		{FBFE5725-A4D1-0531-9EE2-6540C93866A1}.Debug|Any CPU.Build.0 = Debug|Any CPU
		{FBFE5725-A4D1-0531-9EE2-6540C93866A1}.Release|Any CPU.ActiveCfg = Release|Any CPU
		{FBFE5725-A4D1-0531-9EE2-6540C93866A1}.Release|Any CPU.Build.0 = Release|Any CPU
		{42AF516C-1AD5-8EA8-847B-DA386C0458E5}.Debug|Any CPU.ActiveCfg = Debug|Any CPU
		{42AF516C-1AD5-8EA8-847B-DA386C0458E5}.Debug|Any CPU.Build.0 = Debug|Any CPU
		{42AF516C-1AD5-8EA8-847B-DA386C0458E5}.Release|Any CPU.ActiveCfg = Release|Any CPU
		{42AF516C-1AD5-8EA8-847B-DA386C0458E5}.Release|Any CPU.Build.0 = Release|Any CPU
		{A78585E0-6F72-0283-6A52-69A756777507}.Debug|Any CPU.ActiveCfg = Debug|Any CPU
		{A78585E0-6F72-0283-6A52-69A756777507}.Debug|Any CPU.Build.0 = Debug|Any CPU
		{A78585E0-6F72-0283-6A52-69A756777507}.Release|Any CPU.ActiveCfg = Release|Any CPU
		{A78585E0-6F72-0283-6A52-69A756777507}.Release|Any CPU.Build.0 = Release|Any CPU
		{AFB07D3B-32AF-9EF1-5DE4-BF06E2CB6B4E}.Debug|Any CPU.ActiveCfg = Debug|Any CPU
		{AFB07D3B-32AF-9EF1-5DE4-BF06E2CB6B4E}.Debug|Any CPU.Build.0 = Debug|Any CPU
		{AFB07D3B-32AF-9EF1-5DE4-BF06E2CB6B4E}.Release|Any CPU.ActiveCfg = Release|Any CPU
		{AFB07D3B-32AF-9EF1-5DE4-BF06E2CB6B4E}.Release|Any CPU.Build.0 = Release|Any CPU
		{C4EB5DEB-3507-CFC1-65AE-01B5AE5F8449}.Debug|Any CPU.ActiveCfg = Debug|Any CPU
		{C4EB5DEB-3507-CFC1-65AE-01B5AE5F8449}.Debug|Any CPU.Build.0 = Debug|Any CPU
		{C4EB5DEB-3507-CFC1-65AE-01B5AE5F8449}.Release|Any CPU.ActiveCfg = Release|Any CPU
		{C4EB5DEB-3507-CFC1-65AE-01B5AE5F8449}.Release|Any CPU.Build.0 = Release|Any CPU
		{E667EFF6-DCF6-4348-E71B-93BFCF3094EA}.Debug|Any CPU.ActiveCfg = Debug|Any CPU
		{E667EFF6-DCF6-4348-E71B-93BFCF3094EA}.Debug|Any CPU.Build.0 = Debug|Any CPU
		{E667EFF6-DCF6-4348-E71B-93BFCF3094EA}.Release|Any CPU.ActiveCfg = Release|Any CPU
		{E667EFF6-DCF6-4348-E71B-93BFCF3094EA}.Release|Any CPU.Build.0 = Release|Any CPU
		{78AD2A90-9F29-A4A7-5040-488D0ADB9D24}.Debug|Any CPU.ActiveCfg = Debug|Any CPU
		{78AD2A90-9F29-A4A7-5040-488D0ADB9D24}.Debug|Any CPU.Build.0 = Debug|Any CPU
		{78AD2A90-9F29-A4A7-5040-488D0ADB9D24}.Release|Any CPU.ActiveCfg = Release|Any CPU
		{78AD2A90-9F29-A4A7-5040-488D0ADB9D24}.Release|Any CPU.Build.0 = Release|Any CPU
		{F32B0194-A5F2-22B5-9AFF-C54C450F0704}.Debug|Any CPU.ActiveCfg = Debug|Any CPU
		{F32B0194-A5F2-22B5-9AFF-C54C450F0704}.Debug|Any CPU.Build.0 = Debug|Any CPU
		{F32B0194-A5F2-22B5-9AFF-C54C450F0704}.Release|Any CPU.ActiveCfg = Release|Any CPU
		{F32B0194-A5F2-22B5-9AFF-C54C450F0704}.Release|Any CPU.Build.0 = Release|Any CPU
		{373F59DA-4338-FD9B-4F10-BA3CBD168317}.Debug|Any CPU.ActiveCfg = Debug|Any CPU
		{373F59DA-4338-FD9B-4F10-BA3CBD168317}.Debug|Any CPU.Build.0 = Debug|Any CPU
		{373F59DA-4338-FD9B-4F10-BA3CBD168317}.Release|Any CPU.ActiveCfg = Release|Any CPU
		{373F59DA-4338-FD9B-4F10-BA3CBD168317}.Release|Any CPU.Build.0 = Release|Any CPU
		{8D6DE8B9-7A9D-8E9D-624D-5425E7E64AF6}.Debug|Any CPU.ActiveCfg = Debug|Any CPU
		{8D6DE8B9-7A9D-8E9D-624D-5425E7E64AF6}.Debug|Any CPU.Build.0 = Debug|Any CPU
		{8D6DE8B9-7A9D-8E9D-624D-5425E7E64AF6}.Release|Any CPU.ActiveCfg = Release|Any CPU
		{8D6DE8B9-7A9D-8E9D-624D-5425E7E64AF6}.Release|Any CPU.Build.0 = Release|Any CPU
		{69D1EEF1-F0AD-16C3-12BA-550FCCA858B2}.Debug|Any CPU.ActiveCfg = Debug|Any CPU
		{69D1EEF1-F0AD-16C3-12BA-550FCCA858B2}.Debug|Any CPU.Build.0 = Debug|Any CPU
		{69D1EEF1-F0AD-16C3-12BA-550FCCA858B2}.Release|Any CPU.ActiveCfg = Release|Any CPU
		{69D1EEF1-F0AD-16C3-12BA-550FCCA858B2}.Release|Any CPU.Build.0 = Release|Any CPU
		{7458D0A8-D8C5-8B32-FD38-471B9E917477}.Debug|Any CPU.ActiveCfg = Debug|Any CPU
		{7458D0A8-D8C5-8B32-FD38-471B9E917477}.Debug|Any CPU.Build.0 = Debug|Any CPU
		{7458D0A8-D8C5-8B32-FD38-471B9E917477}.Release|Any CPU.ActiveCfg = Release|Any CPU
		{7458D0A8-D8C5-8B32-FD38-471B9E917477}.Release|Any CPU.Build.0 = Release|Any CPU
		{1D214D77-3E18-29AE-A379-7C0B949DD615}.Debug|Any CPU.ActiveCfg = Debug|Any CPU
		{1D214D77-3E18-29AE-A379-7C0B949DD615}.Debug|Any CPU.Build.0 = Debug|Any CPU
		{1D214D77-3E18-29AE-A379-7C0B949DD615}.Release|Any CPU.ActiveCfg = Release|Any CPU
		{1D214D77-3E18-29AE-A379-7C0B949DD615}.Release|Any CPU.Build.0 = Release|Any CPU
		{82BEF5D1-B485-B424-3165-10B7688C1F30}.Debug|Any CPU.ActiveCfg = Debug|Any CPU
		{82BEF5D1-B485-B424-3165-10B7688C1F30}.Debug|Any CPU.Build.0 = Debug|Any CPU
		{82BEF5D1-B485-B424-3165-10B7688C1F30}.Release|Any CPU.ActiveCfg = Release|Any CPU
		{82BEF5D1-B485-B424-3165-10B7688C1F30}.Release|Any CPU.Build.0 = Release|Any CPU
		{830443FA-5E53-D325-A3AD-170923320A1C}.Debug|Any CPU.ActiveCfg = Debug|Any CPU
		{830443FA-5E53-D325-A3AD-170923320A1C}.Debug|Any CPU.Build.0 = Debug|Any CPU
		{830443FA-5E53-D325-A3AD-170923320A1C}.Release|Any CPU.ActiveCfg = Release|Any CPU
		{830443FA-5E53-D325-A3AD-170923320A1C}.Release|Any CPU.Build.0 = Release|Any CPU
		{B67852A4-AD06-AAEC-B1AE-9B0084168ACE}.Debug|Any CPU.ActiveCfg = Debug|Any CPU
		{B67852A4-AD06-AAEC-B1AE-9B0084168ACE}.Debug|Any CPU.Build.0 = Debug|Any CPU
		{B67852A4-AD06-AAEC-B1AE-9B0084168ACE}.Release|Any CPU.ActiveCfg = Release|Any CPU
		{B67852A4-AD06-AAEC-B1AE-9B0084168ACE}.Release|Any CPU.Build.0 = Release|Any CPU
		{9E26042B-1CB0-0D07-5D1F-B260070249F8}.Debug|Any CPU.ActiveCfg = Debug|Any CPU
		{9E26042B-1CB0-0D07-5D1F-B260070249F8}.Debug|Any CPU.Build.0 = Debug|Any CPU
		{9E26042B-1CB0-0D07-5D1F-B260070249F8}.Release|Any CPU.ActiveCfg = Release|Any CPU
		{9E26042B-1CB0-0D07-5D1F-B260070249F8}.Release|Any CPU.Build.0 = Release|Any CPU
		{2EC72623-634A-2570-641F-F77AD4FE90CC}.Debug|Any CPU.ActiveCfg = Debug|Any CPU
		{2EC72623-634A-2570-641F-F77AD4FE90CC}.Debug|Any CPU.Build.0 = Debug|Any CPU
		{2EC72623-634A-2570-641F-F77AD4FE90CC}.Release|Any CPU.ActiveCfg = Release|Any CPU
		{2EC72623-634A-2570-641F-F77AD4FE90CC}.Release|Any CPU.Build.0 = Release|Any CPU
		{E64BE443-D09E-8045-A1E5-046FC2CA9254}.Debug|Any CPU.ActiveCfg = Debug|Any CPU
		{E64BE443-D09E-8045-A1E5-046FC2CA9254}.Debug|Any CPU.Build.0 = Debug|Any CPU
		{E64BE443-D09E-8045-A1E5-046FC2CA9254}.Release|Any CPU.ActiveCfg = Release|Any CPU
		{E64BE443-D09E-8045-A1E5-046FC2CA9254}.Release|Any CPU.Build.0 = Release|Any CPU
		{0DC0BB3C-D00F-CAE4-8C3E-B879A5E9B0BC}.Debug|Any CPU.ActiveCfg = Debug|Any CPU
		{0DC0BB3C-D00F-CAE4-8C3E-B879A5E9B0BC}.Debug|Any CPU.Build.0 = Debug|Any CPU
		{0DC0BB3C-D00F-CAE4-8C3E-B879A5E9B0BC}.Release|Any CPU.ActiveCfg = Release|Any CPU
		{0DC0BB3C-D00F-CAE4-8C3E-B879A5E9B0BC}.Release|Any CPU.Build.0 = Release|Any CPU
		{3B9D790C-60C7-53E4-D040-01CF96F71384}.Debug|Any CPU.ActiveCfg = Debug|Any CPU
		{3B9D790C-60C7-53E4-D040-01CF96F71384}.Debug|Any CPU.Build.0 = Debug|Any CPU
		{3B9D790C-60C7-53E4-D040-01CF96F71384}.Release|Any CPU.ActiveCfg = Release|Any CPU
		{3B9D790C-60C7-53E4-D040-01CF96F71384}.Release|Any CPU.Build.0 = Release|Any CPU
		{A97E103D-0697-150E-D244-DDF63FBB1E6D}.Debug|Any CPU.ActiveCfg = Debug|Any CPU
		{A97E103D-0697-150E-D244-DDF63FBB1E6D}.Debug|Any CPU.Build.0 = Debug|Any CPU
		{A97E103D-0697-150E-D244-DDF63FBB1E6D}.Release|Any CPU.ActiveCfg = Release|Any CPU
		{A97E103D-0697-150E-D244-DDF63FBB1E6D}.Release|Any CPU.Build.0 = Release|Any CPU
		{3505AF56-9341-6E34-E22A-A67083F576F9}.Debug|Any CPU.ActiveCfg = Debug|Any CPU
		{3505AF56-9341-6E34-E22A-A67083F576F9}.Debug|Any CPU.Build.0 = Debug|Any CPU
		{3505AF56-9341-6E34-E22A-A67083F576F9}.Release|Any CPU.ActiveCfg = Release|Any CPU
		{3505AF56-9341-6E34-E22A-A67083F576F9}.Release|Any CPU.Build.0 = Release|Any CPU
		{4732017C-DBB9-552C-00BF-D08AB3641FA5}.Debug|Any CPU.ActiveCfg = Debug|Any CPU
		{4732017C-DBB9-552C-00BF-D08AB3641FA5}.Debug|Any CPU.Build.0 = Debug|Any CPU
		{4732017C-DBB9-552C-00BF-D08AB3641FA5}.Release|Any CPU.ActiveCfg = Release|Any CPU
		{4732017C-DBB9-552C-00BF-D08AB3641FA5}.Release|Any CPU.Build.0 = Release|Any CPU
		{AFC7131E-AFD4-7D87-DBD4-8CBF8267B83D}.Debug|Any CPU.ActiveCfg = Debug|Any CPU
		{AFC7131E-AFD4-7D87-DBD4-8CBF8267B83D}.Debug|Any CPU.Build.0 = Debug|Any CPU
		{AFC7131E-AFD4-7D87-DBD4-8CBF8267B83D}.Release|Any CPU.ActiveCfg = Release|Any CPU
		{AFC7131E-AFD4-7D87-DBD4-8CBF8267B83D}.Release|Any CPU.Build.0 = Release|Any CPU
		{1EFC39EF-167B-F3B6-7C06-58B92F2B89FD}.Debug|Any CPU.ActiveCfg = Debug|Any CPU
		{1EFC39EF-167B-F3B6-7C06-58B92F2B89FD}.Debug|Any CPU.Build.0 = Debug|Any CPU
		{1EFC39EF-167B-F3B6-7C06-58B92F2B89FD}.Release|Any CPU.ActiveCfg = Release|Any CPU
		{1EFC39EF-167B-F3B6-7C06-58B92F2B89FD}.Release|Any CPU.Build.0 = Release|Any CPU
		{645B0B69-D1C5-11F3-8B52-DA129B0973B5}.Debug|Any CPU.ActiveCfg = Debug|Any CPU
		{645B0B69-D1C5-11F3-8B52-DA129B0973B5}.Debug|Any CPU.Build.0 = Debug|Any CPU
		{645B0B69-D1C5-11F3-8B52-DA129B0973B5}.Release|Any CPU.ActiveCfg = Release|Any CPU
		{645B0B69-D1C5-11F3-8B52-DA129B0973B5}.Release|Any CPU.Build.0 = Release|Any CPU
		{922C3242-F457-D686-3356-34803027A972}.Debug|Any CPU.ActiveCfg = Debug|Any CPU
		{922C3242-F457-D686-3356-34803027A972}.Debug|Any CPU.Build.0 = Debug|Any CPU
		{922C3242-F457-D686-3356-34803027A972}.Release|Any CPU.ActiveCfg = Release|Any CPU
		{922C3242-F457-D686-3356-34803027A972}.Release|Any CPU.Build.0 = Release|Any CPU
		{94E1157E-F47A-8C19-4D9C-004F1F020BDA}.Debug|Any CPU.ActiveCfg = Debug|Any CPU
		{94E1157E-F47A-8C19-4D9C-004F1F020BDA}.Debug|Any CPU.Build.0 = Debug|Any CPU
		{94E1157E-F47A-8C19-4D9C-004F1F020BDA}.Release|Any CPU.ActiveCfg = Release|Any CPU
		{94E1157E-F47A-8C19-4D9C-004F1F020BDA}.Release|Any CPU.Build.0 = Release|Any CPU
		{989997E2-A07D-1B4B-1A50-BF7405A52101}.Debug|Any CPU.ActiveCfg = Debug|Any CPU
		{989997E2-A07D-1B4B-1A50-BF7405A52101}.Debug|Any CPU.Build.0 = Debug|Any CPU
		{989997E2-A07D-1B4B-1A50-BF7405A52101}.Release|Any CPU.ActiveCfg = Release|Any CPU
		{989997E2-A07D-1B4B-1A50-BF7405A52101}.Release|Any CPU.Build.0 = Release|Any CPU
		{9BA2636D-1092-99B5-2FB5-DB89A3BC0A74}.Debug|Any CPU.ActiveCfg = Debug|Any CPU
		{9BA2636D-1092-99B5-2FB5-DB89A3BC0A74}.Debug|Any CPU.Build.0 = Debug|Any CPU
		{9BA2636D-1092-99B5-2FB5-DB89A3BC0A74}.Release|Any CPU.ActiveCfg = Release|Any CPU
		{9BA2636D-1092-99B5-2FB5-DB89A3BC0A74}.Release|Any CPU.Build.0 = Release|Any CPU
		{C65D5FDA-45A6-AAD8-3057-1B7915BDC051}.Debug|Any CPU.ActiveCfg = Debug|Any CPU
		{C65D5FDA-45A6-AAD8-3057-1B7915BDC051}.Debug|Any CPU.Build.0 = Debug|Any CPU
		{C65D5FDA-45A6-AAD8-3057-1B7915BDC051}.Release|Any CPU.ActiveCfg = Release|Any CPU
		{C65D5FDA-45A6-AAD8-3057-1B7915BDC051}.Release|Any CPU.Build.0 = Release|Any CPU
		{437256A2-D75A-ACE8-4427-F79EA1386941}.Debug|Any CPU.ActiveCfg = Debug|Any CPU
		{437256A2-D75A-ACE8-4427-F79EA1386941}.Debug|Any CPU.Build.0 = Debug|Any CPU
		{437256A2-D75A-ACE8-4427-F79EA1386941}.Release|Any CPU.ActiveCfg = Release|Any CPU
		{437256A2-D75A-ACE8-4427-F79EA1386941}.Release|Any CPU.Build.0 = Release|Any CPU
		{7C1CF096-E0B6-648F-EE06-295470CB64AB}.Debug|Any CPU.ActiveCfg = Debug|Any CPU
		{7C1CF096-E0B6-648F-EE06-295470CB64AB}.Debug|Any CPU.Build.0 = Debug|Any CPU
		{7C1CF096-E0B6-648F-EE06-295470CB64AB}.Release|Any CPU.ActiveCfg = Release|Any CPU
		{7C1CF096-E0B6-648F-EE06-295470CB64AB}.Release|Any CPU.Build.0 = Release|Any CPU
		{54A9B04E-9C65-C6E6-28EB-E42D9DFC904A}.Debug|Any CPU.ActiveCfg = Debug|Any CPU
		{54A9B04E-9C65-C6E6-28EB-E42D9DFC904A}.Debug|Any CPU.Build.0 = Debug|Any CPU
		{54A9B04E-9C65-C6E6-28EB-E42D9DFC904A}.Release|Any CPU.ActiveCfg = Release|Any CPU
		{54A9B04E-9C65-C6E6-28EB-E42D9DFC904A}.Release|Any CPU.Build.0 = Release|Any CPU
		{37A79031-F1F4-959C-5D7B-B18DCF34FE66}.Debug|Any CPU.ActiveCfg = Debug|Any CPU
		{37A79031-F1F4-959C-5D7B-B18DCF34FE66}.Debug|Any CPU.Build.0 = Debug|Any CPU
		{37A79031-F1F4-959C-5D7B-B18DCF34FE66}.Release|Any CPU.ActiveCfg = Release|Any CPU
		{37A79031-F1F4-959C-5D7B-B18DCF34FE66}.Release|Any CPU.Build.0 = Release|Any CPU
		{AC513721-CD36-B454-1FA1-AF0279A00A5B}.Debug|Any CPU.ActiveCfg = Debug|Any CPU
		{AC513721-CD36-B454-1FA1-AF0279A00A5B}.Debug|Any CPU.Build.0 = Debug|Any CPU
		{AC513721-CD36-B454-1FA1-AF0279A00A5B}.Release|Any CPU.ActiveCfg = Release|Any CPU
		{AC513721-CD36-B454-1FA1-AF0279A00A5B}.Release|Any CPU.Build.0 = Release|Any CPU
		{A04D438C-D184-4807-9C1B-07D0E792B7A6}.Debug|Any CPU.ActiveCfg = Debug|Any CPU
		{A04D438C-D184-4807-9C1B-07D0E792B7A6}.Debug|Any CPU.Build.0 = Debug|Any CPU
		{A04D438C-D184-4807-9C1B-07D0E792B7A6}.Release|Any CPU.ActiveCfg = Release|Any CPU
		{A04D438C-D184-4807-9C1B-07D0E792B7A6}.Release|Any CPU.Build.0 = Release|Any CPU
		{4CB95DFB-0890-48F0-8189-443737E81DB9}.Debug|Any CPU.ActiveCfg = Debug|Any CPU
		{4CB95DFB-0890-48F0-8189-443737E81DB9}.Debug|Any CPU.Build.0 = Debug|Any CPU
		{4CB95DFB-0890-48F0-8189-443737E81DB9}.Release|Any CPU.ActiveCfg = Release|Any CPU
		{4CB95DFB-0890-48F0-8189-443737E81DB9}.Release|Any CPU.Build.0 = Release|Any CPU
	EndGlobalSection
	GlobalSection(SolutionProperties) = preSolution
		HideSolutionNode = FALSE
	EndGlobalSection
	GlobalSection(NestedProjects) = preSolution
		{DC6FC1FB-B5CA-70BE-99E9-DBA99442478F} = {F883AD26-E2D9-0064-49F2-B333EF800629}
		{A04D438C-D184-4807-9C1B-07D0E792B7A6} = {DC6FC1FB-B5CA-70BE-99E9-DBA99442478F}
		{4CB95DFB-0890-48F0-8189-443737E81DB9} = {DC6FC1FB-B5CA-70BE-99E9-DBA99442478F}
	EndGlobalSection
EndGlobal
